// !$*UTF8*$!
{
	archiveVersion = 1;
	classes = {
	};
	objectVersion = 50;
	objects = {

/* Begin PBXBuildFile section */
		964E1BB728A8F3CA001E3703 /* AppDelegate.swift in Sources */ = {isa = PBXBuildFile; fileRef = 964E1BB628A8F3CA001E3703 /* AppDelegate.swift */; };
		964E1BB928A8F3CA001E3703 /* SceneDelegate.swift in Sources */ = {isa = PBXBuildFile; fileRef = 964E1BB828A8F3CA001E3703 /* SceneDelegate.swift */; };
		964E1BBB28A8F3CA001E3703 /* ViewController.swift in Sources */ = {isa = PBXBuildFile; fileRef = 964E1BBA28A8F3CA001E3703 /* ViewController.swift */; };
		964E1BBE28A8F3CA001E3703 /* Main.storyboard in Resources */ = {isa = PBXBuildFile; fileRef = 964E1BBC28A8F3CA001E3703 /* Main.storyboard */; };
		964E1BC128A8F3CA001E3703 /* CoffeeProjecttt.xcdatamodeld in Sources */ = {isa = PBXBuildFile; fileRef = 964E1BBF28A8F3CA001E3703 /* CoffeeProjecttt.xcdatamodeld */; };
		964E1BC328A8F3CB001E3703 /* Assets.xcassets in Resources */ = {isa = PBXBuildFile; fileRef = 964E1BC228A8F3CB001E3703 /* Assets.xcassets */; };
		964E1BC628A8F3CB001E3703 /* LaunchScreen.storyboard in Resources */ = {isa = PBXBuildFile; fileRef = 964E1BC428A8F3CB001E3703 /* LaunchScreen.storyboard */; };
		964E1BD228A8FB2B001E3703 /* Profile.storyboard in Resources */ = {isa = PBXBuildFile; fileRef = 964E1BD128A8FB2B001E3703 /* Profile.storyboard */; };
		964E1BD528A8FEFA001E3703 /* register.storyboard in Resources */ = {isa = PBXBuildFile; fileRef = 964E1BD428A8FEFA001E3703 /* register.storyboard */; };
		964E1BE128A8FFD6001E3703 /* ViewControllerSignUp.swift in Sources */ = {isa = PBXBuildFile; fileRef = 964E1BE028A8FFD6001E3703 /* ViewControllerSignUp.swift */; };
		964E1BE528A91C47001E3703 /* ViewControllerProfile.swift in Sources */ = {isa = PBXBuildFile; fileRef = 964E1BE428A91C47001E3703 /* ViewControllerProfile.swift */; };
		964E1BEA28A93E6B001E3703 /* Login.storyboard in Resources */ = {isa = PBXBuildFile; fileRef = 964E1BE928A93E6B001E3703 /* Login.storyboard */; };
		964E1BED28A9428F001E3703 /* ViewControllerLogin.swift in Sources */ = {isa = PBXBuildFile; fileRef = 964E1BEC28A9428F001E3703 /* ViewControllerLogin.swift */; };
		96507F6B28AAD63C00DE44D3 /* Users+CoreDataClass.swift in Sources */ = {isa = PBXBuildFile; fileRef = 96507F6928AAD63C00DE44D3 /* Users+CoreDataClass.swift */; };
		96507F6C28AAD63C00DE44D3 /* Users+CoreDataProperties.swift in Sources */ = {isa = PBXBuildFile; fileRef = 96507F6A28AAD63C00DE44D3 /* Users+CoreDataProperties.swift */; };
		96507F7028AAD7E100DE44D3 /* Products+CoreDataClass.swift in Sources */ = {isa = PBXBuildFile; fileRef = 96507F6E28AAD7E100DE44D3 /* Products+CoreDataClass.swift */; };
		96507F7128AAD7E100DE44D3 /* Products+CoreDataProperties.swift in Sources */ = {isa = PBXBuildFile; fileRef = 96507F6F28AAD7E100DE44D3 /* Products+CoreDataProperties.swift */; };
		96507F7628AB033D00DE44D3 /* menu.storyboard in Resources */ = {isa = PBXBuildFile; fileRef = 96507F7528AB033D00DE44D3 /* menu.storyboard */; };
		96507F7928AB036100DE44D3 /* HomeTableViewCell.swift in Sources */ = {isa = PBXBuildFile; fileRef = 96507F7828AB036100DE44D3 /* HomeTableViewCell.swift */; };
		96507F7C28AB036D00DE44D3 /* HomeViewController.swift in Sources */ = {isa = PBXBuildFile; fileRef = 96507F7B28AB036D00DE44D3 /* HomeViewController.swift */; };
		96A61BDB28AB1FD800798565 /* cart.storyboard in Resources */ = {isa = PBXBuildFile; fileRef = 96A61BDA28AB1FD800798565 /* cart.storyboard */; };
		96A61BE628AB299300798565 /* CartViewController.swift in Sources */ = {isa = PBXBuildFile; fileRef = 96A61BE528AB299300798565 /* CartViewController.swift */; };
		96A61BE928AB29E100798565 /* CartTableViewCell.swift in Sources */ = {isa = PBXBuildFile; fileRef = 96A61BE828AB29E100798565 /* CartTableViewCell.swift */; };
		96A61BEC28ABB49D00798565 /* CoffeeeModel.swift in Sources */ = {isa = PBXBuildFile; fileRef = 96A61BEB28ABB49D00798565 /* CoffeeeModel.swift */; };
		96A61BEF28ABDB3D00798565 /* CoreDataa.swift in Sources */ = {isa = PBXBuildFile; fileRef = 96A61BEE28ABDB3D00798565 /* CoreDataa.swift */; };
		96CD3F6428A976EA009C14F7 /* Details.storyboard in Resources */ = {isa = PBXBuildFile; fileRef = 96CD3F6328A976E9009C14F7 /* Details.storyboard */; };
		96CD3F6728A9785D009C14F7 /* ViewControllerdetails.swift in Sources */ = {isa = PBXBuildFile; fileRef = 96CD3F6628A9785D009C14F7 /* ViewControllerdetails.swift */; };
/* End PBXBuildFile section */

/* Begin PBXFileReference section */
		964E1BB328A8F3CA001E3703 /* CoffeeProjecttt.app */ = {isa = PBXFileReference; explicitFileType = wrapper.application; includeInIndex = 0; path = CoffeeProjecttt.app; sourceTree = BUILT_PRODUCTS_DIR; };
		964E1BB628A8F3CA001E3703 /* AppDelegate.swift */ = {isa = PBXFileReference; lastKnownFileType = sourcecode.swift; path = AppDelegate.swift; sourceTree = "<group>"; };
		964E1BB828A8F3CA001E3703 /* SceneDelegate.swift */ = {isa = PBXFileReference; lastKnownFileType = sourcecode.swift; path = SceneDelegate.swift; sourceTree = "<group>"; };
		964E1BBA28A8F3CA001E3703 /* ViewController.swift */ = {isa = PBXFileReference; lastKnownFileType = sourcecode.swift; path = ViewController.swift; sourceTree = "<group>"; };
		964E1BBD28A8F3CA001E3703 /* Base */ = {isa = PBXFileReference; lastKnownFileType = file.storyboard; name = Base; path = Base.lproj/Main.storyboard; sourceTree = "<group>"; };
		964E1BC028A8F3CA001E3703 /* CoffeeProjecttt.xcdatamodel */ = {isa = PBXFileReference; lastKnownFileType = wrapper.xcdatamodel; path = CoffeeProjecttt.xcdatamodel; sourceTree = "<group>"; };
		964E1BC228A8F3CB001E3703 /* Assets.xcassets */ = {isa = PBXFileReference; lastKnownFileType = folder.assetcatalog; path = Assets.xcassets; sourceTree = "<group>"; };
		964E1BC528A8F3CB001E3703 /* Base */ = {isa = PBXFileReference; lastKnownFileType = file.storyboard; name = Base; path = Base.lproj/LaunchScreen.storyboard; sourceTree = "<group>"; };
		964E1BC728A8F3CB001E3703 /* Info.plist */ = {isa = PBXFileReference; lastKnownFileType = text.plist.xml; path = Info.plist; sourceTree = "<group>"; };
		964E1BD128A8FB2B001E3703 /* Profile.storyboard */ = {isa = PBXFileReference; fileEncoding = 4; lastKnownFileType = file.storyboard; path = Profile.storyboard; sourceTree = "<group>"; };
		964E1BD428A8FEFA001E3703 /* register.storyboard */ = {isa = PBXFileReference; fileEncoding = 4; lastKnownFileType = file.storyboard; path = register.storyboard; sourceTree = "<group>"; };
		964E1BE028A8FFD6001E3703 /* ViewControllerSignUp.swift */ = {isa = PBXFileReference; lastKnownFileType = sourcecode.swift; path = ViewControllerSignUp.swift; sourceTree = "<group>"; };
		964E1BE428A91C47001E3703 /* ViewControllerProfile.swift */ = {isa = PBXFileReference; lastKnownFileType = sourcecode.swift; path = ViewControllerProfile.swift; sourceTree = "<group>"; };
		964E1BE928A93E6B001E3703 /* Login.storyboard */ = {isa = PBXFileReference; lastKnownFileType = file.storyboard; path = Login.storyboard; sourceTree = "<group>"; };
		964E1BEC28A9428F001E3703 /* ViewControllerLogin.swift */ = {isa = PBXFileReference; lastKnownFileType = sourcecode.swift; path = ViewControllerLogin.swift; sourceTree = "<group>"; };
		96507F6928AAD63C00DE44D3 /* Users+CoreDataClass.swift */ = {isa = PBXFileReference; lastKnownFileType = sourcecode.swift; path = "Users+CoreDataClass.swift"; sourceTree = "<group>"; };
		96507F6A28AAD63C00DE44D3 /* Users+CoreDataProperties.swift */ = {isa = PBXFileReference; lastKnownFileType = sourcecode.swift; path = "Users+CoreDataProperties.swift"; sourceTree = "<group>"; };
		96507F6E28AAD7E100DE44D3 /* Products+CoreDataClass.swift */ = {isa = PBXFileReference; lastKnownFileType = sourcecode.swift; path = "Products+CoreDataClass.swift"; sourceTree = "<group>"; };
		96507F6F28AAD7E100DE44D3 /* Products+CoreDataProperties.swift */ = {isa = PBXFileReference; lastKnownFileType = sourcecode.swift; path = "Products+CoreDataProperties.swift"; sourceTree = "<group>"; };
		96507F7528AB033D00DE44D3 /* menu.storyboard */ = {isa = PBXFileReference; fileEncoding = 4; lastKnownFileType = file.storyboard; path = menu.storyboard; sourceTree = "<group>"; };
		96507F7828AB036100DE44D3 /* HomeTableViewCell.swift */ = {isa = PBXFileReference; fileEncoding = 4; lastKnownFileType = sourcecode.swift; path = HomeTableViewCell.swift; sourceTree = "<group>"; };
		96507F7B28AB036D00DE44D3 /* HomeViewController.swift */ = {isa = PBXFileReference; fileEncoding = 4; lastKnownFileType = sourcecode.swift; path = HomeViewController.swift; sourceTree = "<group>"; };
		96A61BDA28AB1FD800798565 /* cart.storyboard */ = {isa = PBXFileReference; fileEncoding = 4; lastKnownFileType = file.storyboard; path = cart.storyboard; sourceTree = "<group>"; };
		96A61BE528AB299300798565 /* CartViewController.swift */ = {isa = PBXFileReference; lastKnownFileType = sourcecode.swift; path = CartViewController.swift; sourceTree = "<group>"; };
		96A61BE828AB29E100798565 /* CartTableViewCell.swift */ = {isa = PBXFileReference; lastKnownFileType = sourcecode.swift; path = CartTableViewCell.swift; sourceTree = "<group>"; };
		96A61BEB28ABB49D00798565 /* CoffeeeModel.swift */ = {isa = PBXFileReference; lastKnownFileType = sourcecode.swift; path = CoffeeeModel.swift; sourceTree = "<group>"; };
		96A61BEE28ABDB3D00798565 /* CoreDataa.swift */ = {isa = PBXFileReference; lastKnownFileType = sourcecode.swift; path = CoreDataa.swift; sourceTree = "<group>"; };
		96CD3F6328A976E9009C14F7 /* Details.storyboard */ = {isa = PBXFileReference; lastKnownFileType = file.storyboard; path = Details.storyboard; sourceTree = "<group>"; };
		96CD3F6628A9785D009C14F7 /* ViewControllerdetails.swift */ = {isa = PBXFileReference; lastKnownFileType = sourcecode.swift; path = ViewControllerdetails.swift; sourceTree = "<group>"; };
/* End PBXFileReference section */

/* Begin PBXFrameworksBuildPhase section */
		964E1BB028A8F3CA001E3703 /* Frameworks */ = {
			isa = PBXFrameworksBuildPhase;
			buildActionMask = 2147483647;
			files = (
			);
			runOnlyForDeploymentPostprocessing = 0;
		};
/* End PBXFrameworksBuildPhase section */

/* Begin PBXGroup section */
		964E1BAA28A8F3CA001E3703 = {
			isa = PBXGroup;
			children = (
				96507F6E28AAD7E100DE44D3 /* Products+CoreDataClass.swift */,
				96507F6F28AAD7E100DE44D3 /* Products+CoreDataProperties.swift */,
				96507F6928AAD63C00DE44D3 /* Users+CoreDataClass.swift */,
				96507F6A28AAD63C00DE44D3 /* Users+CoreDataProperties.swift */,
				964E1BB528A8F3CA001E3703 /* CoffeeProjecttt */,
				964E1BB428A8F3CA001E3703 /* Products */,
			);
			sourceTree = "<group>";
		};
		964E1BB428A8F3CA001E3703 /* Products */ = {
			isa = PBXGroup;
			children = (
				964E1BB328A8F3CA001E3703 /* CoffeeProjecttt.app */,
			);
			name = Products;
			sourceTree = "<group>";
		};
		964E1BB528A8F3CA001E3703 /* CoffeeProjecttt */ = {
			isa = PBXGroup;
			children = (
				964E1BCF28A8F62D001E3703 /* ViewControllers */,
				964E1BCE28A8F5FA001E3703 /* Storyboards */,
				964E1BB628A8F3CA001E3703 /* AppDelegate.swift */,
				964E1BB828A8F3CA001E3703 /* SceneDelegate.swift */,
				964E1BC228A8F3CB001E3703 /* Assets.xcassets */,
				964E1BC428A8F3CB001E3703 /* LaunchScreen.storyboard */,
				964E1BC728A8F3CB001E3703 /* Info.plist */,
				964E1BBF28A8F3CA001E3703 /* CoffeeProjecttt.xcdatamodeld */,
			);
			path = CoffeeProjecttt;
			sourceTree = "<group>";
		};
		964E1BCE28A8F5FA001E3703 /* Storyboards */ = {
			isa = PBXGroup;
			children = (
				96A61BDA28AB1FD800798565 /* cart.storyboard */,
				96507F7528AB033D00DE44D3 /* menu.storyboard */,
				964E1BD428A8FEFA001E3703 /* register.storyboard */,
				964E1BD128A8FB2B001E3703 /* Profile.storyboard */,
				964E1BBC28A8F3CA001E3703 /* Main.storyboard */,
				964E1BE928A93E6B001E3703 /* Login.storyboard */,
				96CD3F6328A976E9009C14F7 /* Details.storyboard */,
			);
			path = Storyboards;
			sourceTree = "<group>";
		};
		964E1BCF28A8F62D001E3703 /* ViewControllers */ = {
			isa = PBXGroup;
			children = (
				96507F7B28AB036D00DE44D3 /* HomeViewController.swift */,
				96507F7828AB036100DE44D3 /* HomeTableViewCell.swift */,
				964E1BBA28A8F3CA001E3703 /* ViewController.swift */,
				964E1BE028A8FFD6001E3703 /* ViewControllerSignUp.swift */,
				964E1BE428A91C47001E3703 /* ViewControllerProfile.swift */,
				964E1BEC28A9428F001E3703 /* ViewControllerLogin.swift */,
				96CD3F6628A9785D009C14F7 /* ViewControllerdetails.swift */,
				96A61BE528AB299300798565 /* CartViewController.swift */,
				96A61BE828AB29E100798565 /* CartTableViewCell.swift */,
				96A61BEB28ABB49D00798565 /* CoffeeeModel.swift */,
				96A61BEE28ABDB3D00798565 /* CoreDataa.swift */,
			);
			path = ViewControllers;
			sourceTree = "<group>";
		};
/* End PBXGroup section */

/* Begin PBXNativeTarget section */
		964E1BB228A8F3CA001E3703 /* CoffeeProjecttt */ = {
			isa = PBXNativeTarget;
			buildConfigurationList = 964E1BCA28A8F3CB001E3703 /* Build configuration list for PBXNativeTarget "CoffeeProjecttt" */;
			buildPhases = (
				964E1BAF28A8F3CA001E3703 /* Sources */,
				964E1BB028A8F3CA001E3703 /* Frameworks */,
				964E1BB128A8F3CA001E3703 /* Resources */,
			);
			buildRules = (
			);
			dependencies = (
			);
			name = CoffeeProjecttt;
			productName = CoffeeProjecttt;
			productReference = 964E1BB328A8F3CA001E3703 /* CoffeeProjecttt.app */;
			productType = "com.apple.product-type.application";
		};
/* End PBXNativeTarget section */

/* Begin PBXProject section */
		964E1BAB28A8F3CA001E3703 /* Project object */ = {
			isa = PBXProject;
			attributes = {
				LastSwiftUpdateCheck = 1240;
				LastUpgradeCheck = 1240;
				TargetAttributes = {
					964E1BB228A8F3CA001E3703 = {
						CreatedOnToolsVersion = 12.4;
					};
				};
			};
			buildConfigurationList = 964E1BAE28A8F3CA001E3703 /* Build configuration list for PBXProject "CoffeeProjecttt" */;
			compatibilityVersion = "Xcode 9.3";
			developmentRegion = en;
			hasScannedForEncodings = 0;
			knownRegions = (
				en,
				Base,
			);
			mainGroup = 964E1BAA28A8F3CA001E3703;
			productRefGroup = 964E1BB428A8F3CA001E3703 /* Products */;
			projectDirPath = "";
			projectRoot = "";
			targets = (
				964E1BB228A8F3CA001E3703 /* CoffeeProjecttt */,
			);
		};
/* End PBXProject section */

/* Begin PBXResourcesBuildPhase section */
		964E1BB128A8F3CA001E3703 /* Resources */ = {
			isa = PBXResourcesBuildPhase;
			buildActionMask = 2147483647;
			files = (
				964E1BC628A8F3CB001E3703 /* LaunchScreen.storyboard in Resources */,
				964E1BC328A8F3CB001E3703 /* Assets.xcassets in Resources */,
				964E1BEA28A93E6B001E3703 /* Login.storyboard in Resources */,
				96507F7628AB033D00DE44D3 /* menu.storyboard in Resources */,
				96A61BDB28AB1FD800798565 /* cart.storyboard in Resources */,
				964E1BD228A8FB2B001E3703 /* Profile.storyboard in Resources */,
				964E1BBE28A8F3CA001E3703 /* Main.storyboard in Resources */,
				964E1BD528A8FEFA001E3703 /* register.storyboard in Resources */,
				96CD3F6428A976EA009C14F7 /* Details.storyboard in Resources */,
			);
			runOnlyForDeploymentPostprocessing = 0;
		};
/* End PBXResourcesBuildPhase section */

/* Begin PBXSourcesBuildPhase section */
		964E1BAF28A8F3CA001E3703 /* Sources */ = {
			isa = PBXSourcesBuildPhase;
			buildActionMask = 2147483647;
			files = (
				96A61BEC28ABB49D00798565 /* CoffeeeModel.swift in Sources */,
				964E1BBB28A8F3CA001E3703 /* ViewController.swift in Sources */,
				96CD3F6728A9785D009C14F7 /* ViewControllerdetails.swift in Sources */,
				96507F7928AB036100DE44D3 /* HomeTableViewCell.swift in Sources */,
				96A61BEF28ABDB3D00798565 /* CoreDataa.swift in Sources */,
				96507F7128AAD7E100DE44D3 /* Products+CoreDataProperties.swift in Sources */,
				964E1BB728A8F3CA001E3703 /* AppDelegate.swift in Sources */,
				96507F7C28AB036D00DE44D3 /* HomeViewController.swift in Sources */,
				96507F7028AAD7E100DE44D3 /* Products+CoreDataClass.swift in Sources */,
				96A61BE628AB299300798565 /* CartViewController.swift in Sources */,
				964E1BB928A8F3CA001E3703 /* SceneDelegate.swift in Sources */,
				964E1BED28A9428F001E3703 /* ViewControllerLogin.swift in Sources */,
				96507F6C28AAD63C00DE44D3 /* Users+CoreDataProperties.swift in Sources */,
				964E1BC128A8F3CA001E3703 /* CoffeeProjecttt.xcdatamodeld in Sources */,
				964E1BE528A91C47001E3703 /* ViewControllerProfile.swift in Sources */,
				964E1BE128A8FFD6001E3703 /* ViewControllerSignUp.swift in Sources */,
				96507F6B28AAD63C00DE44D3 /* Users+CoreDataClass.swift in Sources */,
				96A61BE928AB29E100798565 /* CartTableViewCell.swift in Sources */,
			);
			runOnlyForDeploymentPostprocessing = 0;
		};
/* End PBXSourcesBuildPhase section */

/* Begin PBXVariantGroup section */
		964E1BBC28A8F3CA001E3703 /* Main.storyboard */ = {
			isa = PBXVariantGroup;
			children = (
				964E1BBD28A8F3CA001E3703 /* Base */,
			);
			name = Main.storyboard;
			sourceTree = "<group>";
		};
		964E1BC428A8F3CB001E3703 /* LaunchScreen.storyboard */ = {
			isa = PBXVariantGroup;
			children = (
				964E1BC528A8F3CB001E3703 /* Base */,
			);
			name = LaunchScreen.storyboard;
			sourceTree = "<group>";
		};
/* End PBXVariantGroup section */

/* Begin XCBuildConfiguration section */
		964E1BC828A8F3CB001E3703 /* Debug */ = {
			isa = XCBuildConfiguration;
			buildSettings = {
				ALWAYS_SEARCH_USER_PATHS = NO;
				CLANG_ANALYZER_NONNULL = YES;
				CLANG_ANALYZER_NUMBER_OBJECT_CONVERSION = YES_AGGRESSIVE;
				CLANG_CXX_LANGUAGE_STANDARD = "gnu++14";
				CLANG_CXX_LIBRARY = "libc++";
				CLANG_ENABLE_MODULES = YES;
				CLANG_ENABLE_OBJC_ARC = YES;
				CLANG_ENABLE_OBJC_WEAK = YES;
				CLANG_WARN_BLOCK_CAPTURE_AUTORELEASING = YES;
				CLANG_WARN_BOOL_CONVERSION = YES;
				CLANG_WARN_COMMA = YES;
				CLANG_WARN_CONSTANT_CONVERSION = YES;
				CLANG_WARN_DEPRECATED_OBJC_IMPLEMENTATIONS = YES;
				CLANG_WARN_DIRECT_OBJC_ISA_USAGE = YES_ERROR;
				CLANG_WARN_DOCUMENTATION_COMMENTS = YES;
				CLANG_WARN_EMPTY_BODY = YES;
				CLANG_WARN_ENUM_CONVERSION = YES;
				CLANG_WARN_INFINITE_RECURSION = YES;
				CLANG_WARN_INT_CONVERSION = YES;
				CLANG_WARN_NON_LITERAL_NULL_CONVERSION = YES;
				CLANG_WARN_OBJC_IMPLICIT_RETAIN_SELF = YES;
				CLANG_WARN_OBJC_LITERAL_CONVERSION = YES;
				CLANG_WARN_OBJC_ROOT_CLASS = YES_ERROR;
				CLANG_WARN_QUOTED_INCLUDE_IN_FRAMEWORK_HEADER = YES;
				CLANG_WARN_RANGE_LOOP_ANALYSIS = YES;
				CLANG_WARN_STRICT_PROTOTYPES = YES;
				CLANG_WARN_SUSPICIOUS_MOVE = YES;
				CLANG_WARN_UNGUARDED_AVAILABILITY = YES_AGGRESSIVE;
				CLANG_WARN_UNREACHABLE_CODE = YES;
				CLANG_WARN__DUPLICATE_METHOD_MATCH = YES;
				COPY_PHASE_STRIP = NO;
				DEBUG_INFORMATION_FORMAT = dwarf;
				ENABLE_STRICT_OBJC_MSGSEND = YES;
				ENABLE_TESTABILITY = YES;
				GCC_C_LANGUAGE_STANDARD = gnu11;
				GCC_DYNAMIC_NO_PIC = NO;
				GCC_NO_COMMON_BLOCKS = YES;
				GCC_OPTIMIZATION_LEVEL = 0;
				GCC_PREPROCESSOR_DEFINITIONS = (
					"DEBUG=1",
					"$(inherited)",
				);
				GCC_WARN_64_TO_32_BIT_CONVERSION = YES;
				GCC_WARN_ABOUT_RETURN_TYPE = YES_ERROR;
				GCC_WARN_UNDECLARED_SELECTOR = YES;
				GCC_WARN_UNINITIALIZED_AUTOS = YES_AGGRESSIVE;
				GCC_WARN_UNUSED_FUNCTION = YES;
				GCC_WARN_UNUSED_VARIABLE = YES;
				IPHONEOS_DEPLOYMENT_TARGET = 14.4;
				MTL_ENABLE_DEBUG_INFO = INCLUDE_SOURCE;
				MTL_FAST_MATH = YES;
				ONLY_ACTIVE_ARCH = YES;
				SDKROOT = iphoneos;
				SWIFT_ACTIVE_COMPILATION_CONDITIONS = DEBUG;
				SWIFT_OPTIMIZATION_LEVEL = "-Onone";
			};
			name = Debug;
		};
		964E1BC928A8F3CB001E3703 /* Release */ = {
			isa = XCBuildConfiguration;
			buildSettings = {
				ALWAYS_SEARCH_USER_PATHS = NO;
				CLANG_ANALYZER_NONNULL = YES;
				CLANG_ANALYZER_NUMBER_OBJECT_CONVERSION = YES_AGGRESSIVE;
				CLANG_CXX_LANGUAGE_STANDARD = "gnu++14";
				CLANG_CXX_LIBRARY = "libc++";
				CLANG_ENABLE_MODULES = YES;
				CLANG_ENABLE_OBJC_ARC = YES;
				CLANG_ENABLE_OBJC_WEAK = YES;
				CLANG_WARN_BLOCK_CAPTURE_AUTORELEASING = YES;
				CLANG_WARN_BOOL_CONVERSION = YES;
				CLANG_WARN_COMMA = YES;
				CLANG_WARN_CONSTANT_CONVERSION = YES;
				CLANG_WARN_DEPRECATED_OBJC_IMPLEMENTATIONS = YES;
				CLANG_WARN_DIRECT_OBJC_ISA_USAGE = YES_ERROR;
				CLANG_WARN_DOCUMENTATION_COMMENTS = YES;
				CLANG_WARN_EMPTY_BODY = YES;
				CLANG_WARN_ENUM_CONVERSION = YES;
				CLANG_WARN_INFINITE_RECURSION = YES;
				CLANG_WARN_INT_CONVERSION = YES;
				CLANG_WARN_NON_LITERAL_NULL_CONVERSION = YES;
				CLANG_WARN_OBJC_IMPLICIT_RETAIN_SELF = YES;
				CLANG_WARN_OBJC_LITERAL_CONVERSION = YES;
				CLANG_WARN_OBJC_ROOT_CLASS = YES_ERROR;
				CLANG_WARN_QUOTED_INCLUDE_IN_FRAMEWORK_HEADER = YES;
				CLANG_WARN_RANGE_LOOP_ANALYSIS = YES;
				CLANG_WARN_STRICT_PROTOTYPES = YES;
				CLANG_WARN_SUSPICIOUS_MOVE = YES;
				CLANG_WARN_UNGUARDED_AVAILABILITY = YES_AGGRESSIVE;
				CLANG_WARN_UNREACHABLE_CODE = YES;
				CLANG_WARN__DUPLICATE_METHOD_MATCH = YES;
				COPY_PHASE_STRIP = NO;
				DEBUG_INFORMATION_FORMAT = "dwarf-with-dsym";
				ENABLE_NS_ASSERTIONS = NO;
				ENABLE_STRICT_OBJC_MSGSEND = YES;
				GCC_C_LANGUAGE_STANDARD = gnu11;
				GCC_NO_COMMON_BLOCKS = YES;
				GCC_WARN_64_TO_32_BIT_CONVERSION = YES;
				GCC_WARN_ABOUT_RETURN_TYPE = YES_ERROR;
				GCC_WARN_UNDECLARED_SELECTOR = YES;
				GCC_WARN_UNINITIALIZED_AUTOS = YES_AGGRESSIVE;
				GCC_WARN_UNUSED_FUNCTION = YES;
				GCC_WARN_UNUSED_VARIABLE = YES;
				IPHONEOS_DEPLOYMENT_TARGET = 14.4;
				MTL_ENABLE_DEBUG_INFO = NO;
				MTL_FAST_MATH = YES;
				SDKROOT = iphoneos;
				SWIFT_COMPILATION_MODE = wholemodule;
				SWIFT_OPTIMIZATION_LEVEL = "-O";
				VALIDATE_PRODUCT = YES;
			};
			name = Release;
		};
		964E1BCB28A8F3CB001E3703 /* Debug */ = {
			isa = XCBuildConfiguration;
			buildSettings = {
				ASSETCATALOG_COMPILER_APPICON_NAME = AppIcon;
				ASSETCATALOG_COMPILER_GLOBAL_ACCENT_COLOR_NAME = AccentColor;
				CODE_SIGN_STYLE = Automatic;
				INFOPLIST_FILE = CoffeeProjecttt/Info.plist;
				LD_RUNPATH_SEARCH_PATHS = (
					"$(inherited)",
					"@executable_path/Frameworks",
				);
				PRODUCT_BUNDLE_IDENTIFIER = task.CoffeeProjecttt;
				PRODUCT_NAME = "$(TARGET_NAME)";
				SWIFT_VERSION = 5.0;
				TARGETED_DEVICE_FAMILY = "1,2";
			};
			name = Debug;
		};
		964E1BCC28A8F3CB001E3703 /* Release */ = {
			isa = XCBuildConfiguration;
			buildSettings = {
				ASSETCATALOG_COMPILER_APPICON_NAME = AppIcon;
				ASSETCATALOG_COMPILER_GLOBAL_ACCENT_COLOR_NAME = AccentColor;
				CODE_SIGN_STYLE = Automatic;
				INFOPLIST_FILE = CoffeeProjecttt/Info.plist;
				LD_RUNPATH_SEARCH_PATHS = (
					"$(inherited)",
					"@executable_path/Frameworks",
				);
				PRODUCT_BUNDLE_IDENTIFIER = task.CoffeeProjecttt;
				PRODUCT_NAME = "$(TARGET_NAME)";
				SWIFT_VERSION = 5.0;
				TARGETED_DEVICE_FAMILY = "1,2";
			};
			name = Release;
		};
/* End XCBuildConfiguration section */

/* Begin XCConfigurationList section */
		964E1BAE28A8F3CA001E3703 /* Build configuration list for PBXProject "CoffeeProjecttt" */ = {
			isa = XCConfigurationList;
			buildConfigurations = (
				964E1BC828A8F3CB001E3703 /* Debug */,
				964E1BC928A8F3CB001E3703 /* Release */,
			);
			defaultConfigurationIsVisible = 0;
			defaultConfigurationName = Release;
		};
		964E1BCA28A8F3CB001E3703 /* Build configuration list for PBXNativeTarget "CoffeeProjecttt" */ = {
			isa = XCConfigurationList;
			buildConfigurations = (
				964E1BCB28A8F3CB001E3703 /* Debug */,
				964E1BCC28A8F3CB001E3703 /* Release */,
			);
			defaultConfigurationIsVisible = 0;
			defaultConfigurationName = Release;
		};
/* End XCConfigurationList section */

/* Begin XCVersionGroup section */
		964E1BBF28A8F3CA001E3703 /* CoffeeProjecttt.xcdatamodeld */ = {
			isa = XCVersionGroup;
			children = (
				964E1BC028A8F3CA001E3703 /* CoffeeProjecttt.xcdatamodel */,
			);
			currentVersion = 964E1BC028A8F3CA001E3703 /* CoffeeProjecttt.xcdatamodel */;
			path = CoffeeProjecttt.xcdatamodeld;
			sourceTree = "<group>";
			versionGroupType = wrapper.xcdatamodel;
		};
/* End XCVersionGroup section */
	};
	rootObject = 964E1BAB28A8F3CA001E3703 /* Project object */;
}
